
Microsoft Visual Studio Solution File, Format Version 12.00
# Visual Studio 15
VisualStudioVersion = 15.0.27004.2008
MinimumVisualStudioVersion = 10.0.40219.1
Project("{FAE04EC0-301F-11D3-BF4B-00C04F79EFBC}") = "KeyboardSimulation", "KeyboardSimulation\KeyboardSimulation.csproj", "{1E775471-22BD-4E1C-BD0C-5DF3DA8858BF}"
EndProject
Global
	GlobalSection(SolutionConfigurationPlatforms) = preSolution
		Debug|Any CPU = Debug|Any CPU
		Release|Any CPU = Release|Any CPU
	EndGlobalSection
	GlobalSection(ProjectConfigurationPlatforms) = postSolution
		{1E775471-22BD-4E1C-BD0C-5DF3DA8858BF}.Debug|Any CPU.ActiveCfg = Debug|Any CPU
		{1E775471-22BD-4E1C-BD0C-5DF3DA8858BF}.Debug|Any CPU.Build.0 = Debug|Any CPU
		{1E775471-22BD-4E1C-BD0C-5DF3DA8858BF}.Release|Any CPU.ActiveCfg = Release|Any CPU
		{1E775471-22BD-4E1C-BD0C-5DF3DA8858BF}.Release|Any CPU.Build.0 = Release|Any CPU
	EndGlobalSection
	GlobalSection(SolutionProperties) = preSolution
		HideSolutionNode = FALSE
	EndGlobalSection
	GlobalSection(ExtensibilityGlobals) = postSolution
		SolutionGuid = {CB2354F1-4D90-4A79-90E4-301FBE95D3CB}
	EndGlobalSection
EndGlobal
